
Microsoft Visual Studio Solution File, Format Version 12.00
# Visual Studio 15
VisualStudioVersion = 15.0.27130.2027
MinimumVisualStudioVersion = 10.0.40219.1
Project("{2150E333-8FDC-42A3-9474-1A3956D46DE8}") = "src", "src", "{5C441C31-ACD1-40A9-A052-B7A3DDF406A4}"
EndProject
Project("{2150E333-8FDC-42A3-9474-1A3956D46DE8}") = "Solution Items", "Solution Items", "{8D30BC24-DFD9-413E-A641-DED8C073E1D8}"
	ProjectSection(SolutionItems) = preProject
		ToDo.md = ToDo.md
	EndProjectSection
EndProject
Project("{9A19103F-16F7-4668-BE54-9A1E7A4F7556}") = "FlickrUploader.Business", "src\FlickrUploader.Business\FlickrUploader.Business.csproj", "{928B2690-8270-4156-9560-1F2EA0E51983}"
EndProject
Project("{9A19103F-16F7-4668-BE54-9A1E7A4F7556}") = "FlickrUploader.Console", "src\FlickrUploader.Console\FlickrUploader.Console.csproj", "{685D041B-836B-47B9-B751-7D1C3752B013}"
EndProject
Project("{9A19103F-16F7-4668-BE54-9A1E7A4F7556}") = "FlickrUploader.Core", "src\FlickrUploader.Core\FlickrUploader.Core.csproj", "{8F4C264A-7AFA-4FE5-AD4D-010BA4B8D699}"
EndProject
Global
	GlobalSection(SolutionConfigurationPlatforms) = preSolution
		Debug|Any CPU = Debug|Any CPU
		Release|Any CPU = Release|Any CPU
	EndGlobalSection
	GlobalSection(ProjectConfigurationPlatforms) = postSolution
		{928B2690-8270-4156-9560-1F2EA0E51983}.Debug|Any CPU.ActiveCfg = Debug|Any CPU
		{928B2690-8270-4156-9560-1F2EA0E51983}.Debug|Any CPU.Build.0 = Debug|Any CPU
		{928B2690-8270-4156-9560-1F2EA0E51983}.Release|Any CPU.ActiveCfg = Release|Any CPU
		{928B2690-8270-4156-9560-1F2EA0E51983}.Release|Any CPU.Build.0 = Release|Any CPU
		{685D041B-836B-47B9-B751-7D1C3752B013}.Debug|Any CPU.ActiveCfg = Debug|Any CPU
		{685D041B-836B-47B9-B751-7D1C3752B013}.Debug|Any CPU.Build.0 = Debug|Any CPU
		{685D041B-836B-47B9-B751-7D1C3752B013}.Release|Any CPU.ActiveCfg = Release|Any CPU
		{685D041B-836B-47B9-B751-7D1C3752B013}.Release|Any CPU.Build.0 = Release|Any CPU
		{8F4C264A-7AFA-4FE5-AD4D-010BA4B8D699}.Debug|Any CPU.ActiveCfg = Debug|Any CPU
		{8F4C264A-7AFA-4FE5-AD4D-010BA4B8D699}.Debug|Any CPU.Build.0 = Debug|Any CPU
		{8F4C264A-7AFA-4FE5-AD4D-010BA4B8D699}.Release|Any CPU.ActiveCfg = Release|Any CPU
		{8F4C264A-7AFA-4FE5-AD4D-010BA4B8D699}.Release|Any CPU.Build.0 = Release|Any CPU
	EndGlobalSection
	GlobalSection(SolutionProperties) = preSolution
		HideSolutionNode = FALSE
	EndGlobalSection
	GlobalSection(NestedProjects) = preSolution
		{928B2690-8270-4156-9560-1F2EA0E51983} = {5C441C31-ACD1-40A9-A052-B7A3DDF406A4}
		{685D041B-836B-47B9-B751-7D1C3752B013} = {5C441C31-ACD1-40A9-A052-B7A3DDF406A4}
		{8F4C264A-7AFA-4FE5-AD4D-010BA4B8D699} = {5C441C31-ACD1-40A9-A052-B7A3DDF406A4}
	EndGlobalSection
	GlobalSection(ExtensibilityGlobals) = postSolution
		SolutionGuid = {3CC9D72B-FE1D-4186-81AD-BE2B572681DB}
	EndGlobalSection
EndGlobal
