
Microsoft Visual Studio Solution File, Format Version 12.00
# Visual Studio 14
VisualStudioVersion = 14.0.25420.1
MinimumVisualStudioVersion = 10.0.40219.1
Project("{2150E333-8FDC-42A3-9474-1A3956D46DE8}") = "src", "src", "{5C441C31-ACD1-40A9-A052-B7A3DDF406A4}"
EndProject
Project("{2150E333-8FDC-42A3-9474-1A3956D46DE8}") = "Solution Items", "Solution Items", "{8D30BC24-DFD9-413E-A641-DED8C073E1D8}"
	ProjectSection(SolutionItems) = preProject
		global.json = global.json
	EndProjectSection
EndProject
Project("{8BB2217D-0F2D-49D1-97BC-3654ED321F3B}") = "FlickrUploader.Business", "src\FlickrUploader.Business\FlickrUploader.Business.xproj", "{928B2690-8270-4156-9560-1F2EA0E51983}"
EndProject
Project("{8BB2217D-0F2D-49D1-97BC-3654ED321F3B}") = "FlickrUploader.Core", "src\FlickrUploader.Core\FlickrUploader.Core.xproj", "{C6C263C3-8DE5-470B-A38A-C2A1D51EEE2A}"
EndProject
Project("{8BB2217D-0F2D-49D1-97BC-3654ED321F3B}") = "FlickrUploader.Console", "src\FlickrUploader.Console\FlickrUploader.Console.xproj", "{685D041B-836B-47B9-B751-7D1C3752B013}"
EndProject
Global
	GlobalSection(SolutionConfigurationPlatforms) = preSolution
		Debug|Any CPU = Debug|Any CPU
		Release|Any CPU = Release|Any CPU
	EndGlobalSection
	GlobalSection(ProjectConfigurationPlatforms) = postSolution
		{928B2690-8270-4156-9560-1F2EA0E51983}.Debug|Any CPU.ActiveCfg = Debug|Any CPU
		{928B2690-8270-4156-9560-1F2EA0E51983}.Debug|Any CPU.Build.0 = Debug|Any CPU
		{928B2690-8270-4156-9560-1F2EA0E51983}.Release|Any CPU.ActiveCfg = Release|Any CPU
		{928B2690-8270-4156-9560-1F2EA0E51983}.Release|Any CPU.Build.0 = Release|Any CPU
		{C6C263C3-8DE5-470B-A38A-C2A1D51EEE2A}.Debug|Any CPU.ActiveCfg = Debug|Any CPU
		{C6C263C3-8DE5-470B-A38A-C2A1D51EEE2A}.Debug|Any CPU.Build.0 = Debug|Any CPU
		{C6C263C3-8DE5-470B-A38A-C2A1D51EEE2A}.Release|Any CPU.ActiveCfg = Release|Any CPU
		{C6C263C3-8DE5-470B-A38A-C2A1D51EEE2A}.Release|Any CPU.Build.0 = Release|Any CPU
		{685D041B-836B-47B9-B751-7D1C3752B013}.Debug|Any CPU.ActiveCfg = Debug|Any CPU
		{685D041B-836B-47B9-B751-7D1C3752B013}.Debug|Any CPU.Build.0 = Debug|Any CPU
		{685D041B-836B-47B9-B751-7D1C3752B013}.Release|Any CPU.ActiveCfg = Release|Any CPU
		{685D041B-836B-47B9-B751-7D1C3752B013}.Release|Any CPU.Build.0 = Release|Any CPU
	EndGlobalSection
	GlobalSection(SolutionProperties) = preSolution
		HideSolutionNode = FALSE
	EndGlobalSection
	GlobalSection(NestedProjects) = preSolution
		{928B2690-8270-4156-9560-1F2EA0E51983} = {5C441C31-ACD1-40A9-A052-B7A3DDF406A4}
		{C6C263C3-8DE5-470B-A38A-C2A1D51EEE2A} = {5C441C31-ACD1-40A9-A052-B7A3DDF406A4}
		{685D041B-836B-47B9-B751-7D1C3752B013} = {5C441C31-ACD1-40A9-A052-B7A3DDF406A4}
	EndGlobalSection
EndGlobal
